
Microsoft Visual Studio Solution File, Format Version 12.00
# Visual Studio Version 17
VisualStudioVersion = 17.4.33213.308
MinimumVisualStudioVersion = 10.0.40219.1
Project("{9A19103F-16F7-4668-BE54-9A1E7A4F7556}") = "Net7WebApiTemplate.Api", "src\content\src\Net7WebApiTemplate.Api\Net7WebApiTemplate.Api.csproj", "{8AA195DE-57E1-41C3-B574-8D8638D02E54}"
	ProjectSection(ProjectDependencies) = postProject
		{03BD9AA6-6766-4FDB-BCE4-F09209C8555F} = {03BD9AA6-6766-4FDB-BCE4-F09209C8555F}
		{81AC5E50-2C4E-4052-B45B-DACC5C11EEA2} = {81AC5E50-2C4E-4052-B45B-DACC5C11EEA2}
		{F1A295EE-D430-4B8E-9E66-19563121BE81} = {F1A295EE-D430-4B8E-9E66-19563121BE81}
	EndProjectSection
EndProject
Project("{9A19103F-16F7-4668-BE54-9A1E7A4F7556}") = "Net7WebApiTemplate.Application", "src\content\src\Net7WebApiTemplate.Application\Net7WebApiTemplate.Application.csproj", "{03BD9AA6-6766-4FDB-BCE4-F09209C8555F}"
	ProjectSection(ProjectDependencies) = postProject
		{AD044C03-FFD6-4E59-9696-8412F5278F91} = {AD044C03-FFD6-4E59-9696-8412F5278F91}
	EndProjectSection
EndProject
Project("{9A19103F-16F7-4668-BE54-9A1E7A4F7556}") = "Net7WebApiTemplate.Domain", "src\content\src\Net7WebApiTemplate.Domain\Net7WebApiTemplate.Domain.csproj", "{AD044C03-FFD6-4E59-9696-8412F5278F91}"
EndProject
Project("{9A19103F-16F7-4668-BE54-9A1E7A4F7556}") = "Net7WebApiTemplate.Infrastructure", "src\content\src\Net7WebApiTemplate.Infrastructure\Net7WebApiTemplate.Infrastructure.csproj", "{F1A295EE-D430-4B8E-9E66-19563121BE81}"
	ProjectSection(ProjectDependencies) = postProject
		{03BD9AA6-6766-4FDB-BCE4-F09209C8555F} = {03BD9AA6-6766-4FDB-BCE4-F09209C8555F}
	EndProjectSection
EndProject
Project("{9A19103F-16F7-4668-BE54-9A1E7A4F7556}") = "Net7WebApiTemplate.Persistence", "src\content\src\Net7WebApiTemplate.Persistence\Net7WebApiTemplate.Persistence.csproj", "{81AC5E50-2C4E-4052-B45B-DACC5C11EEA2}"
	ProjectSection(ProjectDependencies) = postProject
		{03BD9AA6-6766-4FDB-BCE4-F09209C8555F} = {03BD9AA6-6766-4FDB-BCE4-F09209C8555F}
	EndProjectSection
EndProject
Global
	GlobalSection(SolutionConfigurationPlatforms) = preSolution
		Debug|Any CPU = Debug|Any CPU
		Release|Any CPU = Release|Any CPU
	EndGlobalSection
	GlobalSection(ProjectConfigurationPlatforms) = postSolution
		{8AA195DE-57E1-41C3-B574-8D8638D02E54}.Debug|Any CPU.ActiveCfg = Debug|Any CPU
		{8AA195DE-57E1-41C3-B574-8D8638D02E54}.Debug|Any CPU.Build.0 = Debug|Any CPU
		{8AA195DE-57E1-41C3-B574-8D8638D02E54}.Release|Any CPU.ActiveCfg = Release|Any CPU
		{8AA195DE-57E1-41C3-B574-8D8638D02E54}.Release|Any CPU.Build.0 = Release|Any CPU
		{03BD9AA6-6766-4FDB-BCE4-F09209C8555F}.Debug|Any CPU.ActiveCfg = Debug|Any CPU
		{03BD9AA6-6766-4FDB-BCE4-F09209C8555F}.Debug|Any CPU.Build.0 = Debug|Any CPU
		{03BD9AA6-6766-4FDB-BCE4-F09209C8555F}.Release|Any CPU.ActiveCfg = Release|Any CPU
		{03BD9AA6-6766-4FDB-BCE4-F09209C8555F}.Release|Any CPU.Build.0 = Release|Any CPU
		{AD044C03-FFD6-4E59-9696-8412F5278F91}.Debug|Any CPU.ActiveCfg = Debug|Any CPU
		{AD044C03-FFD6-4E59-9696-8412F5278F91}.Debug|Any CPU.Build.0 = Debug|Any CPU
		{AD044C03-FFD6-4E59-9696-8412F5278F91}.Release|Any CPU.ActiveCfg = Release|Any CPU
		{AD044C03-FFD6-4E59-9696-8412F5278F91}.Release|Any CPU.Build.0 = Release|Any CPU
		{F1A295EE-D430-4B8E-9E66-19563121BE81}.Debug|Any CPU.ActiveCfg = Debug|Any CPU
		{F1A295EE-D430-4B8E-9E66-19563121BE81}.Debug|Any CPU.Build.0 = Debug|Any CPU
		{F1A295EE-D430-4B8E-9E66-19563121BE81}.Release|Any CPU.ActiveCfg = Release|Any CPU
		{F1A295EE-D430-4B8E-9E66-19563121BE81}.Release|Any CPU.Build.0 = Release|Any CPU
		{81AC5E50-2C4E-4052-B45B-DACC5C11EEA2}.Debug|Any CPU.ActiveCfg = Debug|Any CPU
		{81AC5E50-2C4E-4052-B45B-DACC5C11EEA2}.Debug|Any CPU.Build.0 = Debug|Any CPU
		{81AC5E50-2C4E-4052-B45B-DACC5C11EEA2}.Release|Any CPU.ActiveCfg = Release|Any CPU
		{81AC5E50-2C4E-4052-B45B-DACC5C11EEA2}.Release|Any CPU.Build.0 = Release|Any CPU
	EndGlobalSection
	GlobalSection(SolutionProperties) = preSolution
		HideSolutionNode = FALSE
	EndGlobalSection
	GlobalSection(ExtensibilityGlobals) = postSolution
		SolutionGuid = {1A90B20C-6F0E-4957-A1DC-6118AFEF3E4E}
	EndGlobalSection
EndGlobal
