
Microsoft Visual Studio Solution File, Format Version 12.00
# Visual Studio Version 17
VisualStudioVersion = 17.10.35027.167
MinimumVisualStudioVersion = 10.0.40219.1
Project("{9A19103F-16F7-4668-BE54-9A1E7A4F7556}") = "NetWebApiTemplate.Api", "src\NetWebApiTemplate.Api\NetWebApiTemplate.Api.csproj", "{3081A8E8-54C7-47BD-AD31-53D75D15FCA6}"
EndProject
Project("{9A19103F-16F7-4668-BE54-9A1E7A4F7556}") = "NetWebApiTemplate.Application", "src\NetWebApiTemplate.Application\NetWebApiTemplate.Application.csproj", "{4D9E08EA-105D-44FE-878E-A5E131626872}"
EndProject
Project("{9A19103F-16F7-4668-BE54-9A1E7A4F7556}") = "NetWebApiTemplate.Domain", "src\NetWebApiTemplate.Domain\NetWebApiTemplate.Domain.csproj", "{D15E67BC-7441-4B22-A3C2-EBD2B598EB0A}"
EndProject
Project("{9A19103F-16F7-4668-BE54-9A1E7A4F7556}") = "NetWebApiTemplate.Infrastructure", "src\NetWebApiTemplate.Infrastructure\NetWebApiTemplate.Infrastructure.csproj", "{89319335-F3C6-45C9-BE73-F22380473CBB}"
EndProject
Project("{9A19103F-16F7-4668-BE54-9A1E7A4F7556}") = "NetWebApiTemplate.Persistence", "src\NetWebApiTemplate.Persistence\NetWebApiTemplate.Persistence.csproj", "{5BD51397-196A-4E1D-B4DE-8CE438A9F7FE}"
EndProject
Global
	GlobalSection(SolutionConfigurationPlatforms) = preSolution
		Debug|Any CPU = Debug|Any CPU
		Release|Any CPU = Release|Any CPU
	EndGlobalSection
	GlobalSection(ProjectConfigurationPlatforms) = postSolution
		{3081A8E8-54C7-47BD-AD31-53D75D15FCA6}.Debug|Any CPU.ActiveCfg = Debug|Any CPU
		{3081A8E8-54C7-47BD-AD31-53D75D15FCA6}.Debug|Any CPU.Build.0 = Debug|Any CPU
		{3081A8E8-54C7-47BD-AD31-53D75D15FCA6}.Release|Any CPU.ActiveCfg = Release|Any CPU
		{3081A8E8-54C7-47BD-AD31-53D75D15FCA6}.Release|Any CPU.Build.0 = Release|Any CPU
		{4D9E08EA-105D-44FE-878E-A5E131626872}.Debug|Any CPU.ActiveCfg = Debug|Any CPU
		{4D9E08EA-105D-44FE-878E-A5E131626872}.Debug|Any CPU.Build.0 = Debug|Any CPU
		{4D9E08EA-105D-44FE-878E-A5E131626872}.Release|Any CPU.ActiveCfg = Release|Any CPU
		{4D9E08EA-105D-44FE-878E-A5E131626872}.Release|Any CPU.Build.0 = Release|Any CPU
		{D15E67BC-7441-4B22-A3C2-EBD2B598EB0A}.Debug|Any CPU.ActiveCfg = Debug|Any CPU
		{D15E67BC-7441-4B22-A3C2-EBD2B598EB0A}.Debug|Any CPU.Build.0 = Debug|Any CPU
		{D15E67BC-7441-4B22-A3C2-EBD2B598EB0A}.Release|Any CPU.ActiveCfg = Release|Any CPU
		{D15E67BC-7441-4B22-A3C2-EBD2B598EB0A}.Release|Any CPU.Build.0 = Release|Any CPU
		{89319335-F3C6-45C9-BE73-F22380473CBB}.Debug|Any CPU.ActiveCfg = Debug|Any CPU
		{89319335-F3C6-45C9-BE73-F22380473CBB}.Debug|Any CPU.Build.0 = Debug|Any CPU
		{89319335-F3C6-45C9-BE73-F22380473CBB}.Release|Any CPU.ActiveCfg = Release|Any CPU
		{89319335-F3C6-45C9-BE73-F22380473CBB}.Release|Any CPU.Build.0 = Release|Any CPU
		{5BD51397-196A-4E1D-B4DE-8CE438A9F7FE}.Debug|Any CPU.ActiveCfg = Debug|Any CPU
		{5BD51397-196A-4E1D-B4DE-8CE438A9F7FE}.Debug|Any CPU.Build.0 = Debug|Any CPU
		{5BD51397-196A-4E1D-B4DE-8CE438A9F7FE}.Release|Any CPU.ActiveCfg = Release|Any CPU
		{5BD51397-196A-4E1D-B4DE-8CE438A9F7FE}.Release|Any CPU.Build.0 = Release|Any CPU
	EndGlobalSection
	GlobalSection(SolutionProperties) = preSolution
		HideSolutionNode = FALSE
	EndGlobalSection
	GlobalSection(ExtensibilityGlobals) = postSolution
		SolutionGuid = {6040ACF2-209E-4F5A-99A8-899D69BEAF05}
	EndGlobalSection
EndGlobal
